
Microsoft Visual Studio Solution File, Format Version 12.00
# TcXaeShell Solution File, Format Version 11.00
VisualStudioVersion = 15.0.33403.129
MinimumVisualStudioVersion = 10.0.40219.1
Project("{B1E792BE-AA5F-4E3C-8C82-674BF9C0715B}") = "HMI-Training File", "TwinCAT Project1\HMI-Training File.tsproj", "{30BC0CFA-4EDA-442C-AB84-5F964B0C9962}"
EndProject
Global
	GlobalSection(SolutionConfigurationPlatforms) = preSolution
		Debug|TwinCAT CE7 (ARMV7) = Debug|TwinCAT CE7 (ARMV7)
		Debug|TwinCAT OS (ARMT2) = Debug|TwinCAT OS (ARMT2)
		Debug|TwinCAT RT (x64) = Debug|TwinCAT RT (x64)
		Debug|TwinCAT RT (x86) = Debug|TwinCAT RT (x86)
		Release|TwinCAT CE7 (ARMV7) = Release|TwinCAT CE7 (ARMV7)
		Release|TwinCAT OS (ARMT2) = Release|TwinCAT OS (ARMT2)
		Release|TwinCAT RT (x64) = Release|TwinCAT RT (x64)
		Release|TwinCAT RT (x86) = Release|TwinCAT RT (x86)
	EndGlobalSection
	GlobalSection(ProjectConfigurationPlatforms) = postSolution
		{30BC0CFA-4EDA-442C-AB84-5F964B0C9962}.Debug|TwinCAT CE7 (ARMV7).ActiveCfg = Debug|TwinCAT CE7 (ARMV7)
		{30BC0CFA-4EDA-442C-AB84-5F964B0C9962}.Debug|TwinCAT CE7 (ARMV7).Build.0 = Debug|TwinCAT CE7 (ARMV7)
		{30BC0CFA-4EDA-442C-AB84-5F964B0C9962}.Debug|TwinCAT OS (ARMT2).ActiveCfg = Debug|TwinCAT OS (ARMT2)
		{30BC0CFA-4EDA-442C-AB84-5F964B0C9962}.Debug|TwinCAT OS (ARMT2).Build.0 = Debug|TwinCAT OS (ARMT2)
		{30BC0CFA-4EDA-442C-AB84-5F964B0C9962}.Debug|TwinCAT RT (x64).ActiveCfg = Debug|TwinCAT RT (x64)
		{30BC0CFA-4EDA-442C-AB84-5F964B0C9962}.Debug|TwinCAT RT (x64).Build.0 = Debug|TwinCAT RT (x64)
		{30BC0CFA-4EDA-442C-AB84-5F964B0C9962}.Debug|TwinCAT RT (x86).ActiveCfg = Debug|TwinCAT RT (x86)
		{30BC0CFA-4EDA-442C-AB84-5F964B0C9962}.Debug|TwinCAT RT (x86).Build.0 = Debug|TwinCAT RT (x86)
		{30BC0CFA-4EDA-442C-AB84-5F964B0C9962}.Release|TwinCAT CE7 (ARMV7).ActiveCfg = Release|TwinCAT CE7 (ARMV7)
		{30BC0CFA-4EDA-442C-AB84-5F964B0C9962}.Release|TwinCAT CE7 (ARMV7).Build.0 = Release|TwinCAT CE7 (ARMV7)
		{30BC0CFA-4EDA-442C-AB84-5F964B0C9962}.Release|TwinCAT OS (ARMT2).ActiveCfg = Release|TwinCAT OS (ARMT2)
		{30BC0CFA-4EDA-442C-AB84-5F964B0C9962}.Release|TwinCAT OS (ARMT2).Build.0 = Release|TwinCAT OS (ARMT2)
		{30BC0CFA-4EDA-442C-AB84-5F964B0C9962}.Release|TwinCAT RT (x64).ActiveCfg = Release|TwinCAT RT (x64)
		{30BC0CFA-4EDA-442C-AB84-5F964B0C9962}.Release|TwinCAT RT (x64).Build.0 = Release|TwinCAT RT (x64)
		{30BC0CFA-4EDA-442C-AB84-5F964B0C9962}.Release|TwinCAT RT (x86).ActiveCfg = Release|TwinCAT RT (x86)
		{30BC0CFA-4EDA-442C-AB84-5F964B0C9962}.Release|TwinCAT RT (x86).Build.0 = Release|TwinCAT RT (x86)
		{3A543012-ED84-4D26-A749-54130D711FE2}.Debug|TwinCAT CE7 (ARMV7).ActiveCfg = Debug|TwinCAT CE7 (ARMV7)
		{3A543012-ED84-4D26-A749-54130D711FE2}.Debug|TwinCAT CE7 (ARMV7).Build.0 = Debug|TwinCAT CE7 (ARMV7)
		{3A543012-ED84-4D26-A749-54130D711FE2}.Debug|TwinCAT OS (ARMT2).ActiveCfg = Debug|TwinCAT OS (ARMT2)
		{3A543012-ED84-4D26-A749-54130D711FE2}.Debug|TwinCAT OS (ARMT2).Build.0 = Debug|TwinCAT OS (ARMT2)
		{3A543012-ED84-4D26-A749-54130D711FE2}.Debug|TwinCAT RT (x64).ActiveCfg = Debug|TwinCAT RT (x64)
		{3A543012-ED84-4D26-A749-54130D711FE2}.Debug|TwinCAT RT (x64).Build.0 = Debug|TwinCAT RT (x64)
		{3A543012-ED84-4D26-A749-54130D711FE2}.Debug|TwinCAT RT (x86).ActiveCfg = Debug|TwinCAT RT (x86)
		{3A543012-ED84-4D26-A749-54130D711FE2}.Debug|TwinCAT RT (x86).Build.0 = Debug|TwinCAT RT (x86)
		{3A543012-ED84-4D26-A749-54130D711FE2}.Release|TwinCAT CE7 (ARMV7).ActiveCfg = Release|TwinCAT CE7 (ARMV7)
		{3A543012-ED84-4D26-A749-54130D711FE2}.Release|TwinCAT CE7 (ARMV7).Build.0 = Release|TwinCAT CE7 (ARMV7)
		{3A543012-ED84-4D26-A749-54130D711FE2}.Release|TwinCAT OS (ARMT2).ActiveCfg = Release|TwinCAT OS (ARMT2)
		{3A543012-ED84-4D26-A749-54130D711FE2}.Release|TwinCAT OS (ARMT2).Build.0 = Release|TwinCAT OS (ARMT2)
		{3A543012-ED84-4D26-A749-54130D711FE2}.Release|TwinCAT RT (x64).ActiveCfg = Release|TwinCAT RT (x64)
		{3A543012-ED84-4D26-A749-54130D711FE2}.Release|TwinCAT RT (x64).Build.0 = Release|TwinCAT RT (x64)
		{3A543012-ED84-4D26-A749-54130D711FE2}.Release|TwinCAT RT (x86).ActiveCfg = Release|TwinCAT RT (x86)
		{3A543012-ED84-4D26-A749-54130D711FE2}.Release|TwinCAT RT (x86).Build.0 = Release|TwinCAT RT (x86)
		{2C41D41A-2644-4D36-82D2-076E2F9459E3}.Debug|TwinCAT CE7 (ARMV7).ActiveCfg = Debug|TwinCAT CE7 (ARMV7)
		{2C41D41A-2644-4D36-82D2-076E2F9459E3}.Debug|TwinCAT CE7 (ARMV7).Build.0 = Debug|TwinCAT CE7 (ARMV7)
		{2C41D41A-2644-4D36-82D2-076E2F9459E3}.Debug|TwinCAT OS (ARMT2).ActiveCfg = Debug|TwinCAT OS (ARMT2)
		{2C41D41A-2644-4D36-82D2-076E2F9459E3}.Debug|TwinCAT OS (ARMT2).Build.0 = Debug|TwinCAT OS (ARMT2)
		{2C41D41A-2644-4D36-82D2-076E2F9459E3}.Debug|TwinCAT RT (x64).ActiveCfg = Debug|TwinCAT RT (x64)
		{2C41D41A-2644-4D36-82D2-076E2F9459E3}.Debug|TwinCAT RT (x64).Build.0 = Debug|TwinCAT RT (x64)
		{2C41D41A-2644-4D36-82D2-076E2F9459E3}.Debug|TwinCAT RT (x86).ActiveCfg = Debug|TwinCAT RT (x86)
		{2C41D41A-2644-4D36-82D2-076E2F9459E3}.Debug|TwinCAT RT (x86).Build.0 = Debug|TwinCAT RT (x86)
		{2C41D41A-2644-4D36-82D2-076E2F9459E3}.Release|TwinCAT CE7 (ARMV7).ActiveCfg = Release|TwinCAT CE7 (ARMV7)
		{2C41D41A-2644-4D36-82D2-076E2F9459E3}.Release|TwinCAT CE7 (ARMV7).Build.0 = Release|TwinCAT CE7 (ARMV7)
		{2C41D41A-2644-4D36-82D2-076E2F9459E3}.Release|TwinCAT OS (ARMT2).ActiveCfg = Release|TwinCAT OS (ARMT2)
		{2C41D41A-2644-4D36-82D2-076E2F9459E3}.Release|TwinCAT OS (ARMT2).Build.0 = Release|TwinCAT OS (ARMT2)
		{2C41D41A-2644-4D36-82D2-076E2F9459E3}.Release|TwinCAT RT (x64).ActiveCfg = Release|TwinCAT RT (x64)
		{2C41D41A-2644-4D36-82D2-076E2F9459E3}.Release|TwinCAT RT (x64).Build.0 = Release|TwinCAT RT (x64)
		{2C41D41A-2644-4D36-82D2-076E2F9459E3}.Release|TwinCAT RT (x86).ActiveCfg = Release|TwinCAT RT (x86)
		{2C41D41A-2644-4D36-82D2-076E2F9459E3}.Release|TwinCAT RT (x86).Build.0 = Release|TwinCAT RT (x86)
	EndGlobalSection
	GlobalSection(SolutionProperties) = preSolution
		HideSolutionNode = FALSE
	EndGlobalSection
	GlobalSection(ExtensibilityGlobals) = postSolution
		SolutionGuid = {08567FBB-C616-451B-BE4D-64903959634A}
	EndGlobalSection
EndGlobal
